
Microsoft Visual Studio Solution File, Format Version 12.00
# Visual Studio Version 16
VisualStudioVersion = 16.0.31105.61
MinimumVisualStudioVersion = 10.0.40219.1
Project("{FAE04EC0-301F-11D3-BF4B-00C04F79EFBC}") = "PregnancyDemoApp", "BirthDemoApp\PregnancyDemoApp.csproj", "{20558A45-6485-41F5-B777-F0778E901801}"
EndProject
Global
	GlobalSection(SolutionConfigurationPlatforms) = preSolution
		Debug|Any CPU = Debug|Any CPU
		Release|Any CPU = Release|Any CPU
	EndGlobalSection
	GlobalSection(ProjectConfigurationPlatforms) = postSolution
		{20558A45-6485-41F5-B777-F0778E901801}.Debug|Any CPU.ActiveCfg = Debug|Any CPU
		{20558A45-6485-41F5-B777-F0778E901801}.Debug|Any CPU.Build.0 = Debug|Any CPU
		{20558A45-6485-41F5-B777-F0778E901801}.Release|Any CPU.ActiveCfg = Release|Any CPU
		{20558A45-6485-41F5-B777-F0778E901801}.Release|Any CPU.Build.0 = Release|Any CPU
	EndGlobalSection
	GlobalSection(SolutionProperties) = preSolution
		HideSolutionNode = FALSE
	EndGlobalSection
	GlobalSection(ExtensibilityGlobals) = postSolution
		SolutionGuid = {A96907DD-A762-445B-A69A-C3A08C09243B}
	EndGlobalSection
EndGlobal
